// !$*UTF8*$!
{
	archiveVersion = 1;
	classes = {
	};
	objectVersion = 46;
	objects = {

/* Begin PBXBuildFile section */
		6EA89B5C187F1CC00044B522 /* Foundation.framework in Frameworks */ = {isa = PBXBuildFile; fileRef = 6EA89B5B187F1CC00044B522 /* Foundation.framework */; };
		6EA89B5E187F1CC00044B522 /* CoreGraphics.framework in Frameworks */ = {isa = PBXBuildFile; fileRef = 6EA89B5D187F1CC00044B522 /* CoreGraphics.framework */; };
		6EA89B60187F1CC00044B522 /* UIKit.framework in Frameworks */ = {isa = PBXBuildFile; fileRef = 6EA89B5F187F1CC00044B522 /* UIKit.framework */; };
		6EA89B66187F1CC00044B522 /* InfoPlist.strings in Resources */ = {isa = PBXBuildFile; fileRef = 6EA89B64187F1CC00044B522 /* InfoPlist.strings */; };
		6EA89B68187F1CC00044B522 /* main.m in Sources */ = {isa = PBXBuildFile; fileRef = 6EA89B67187F1CC00044B522 /* main.m */; };
		6EA89B6C187F1CC00044B522 /* AppDelegate.m in Sources */ = {isa = PBXBuildFile; fileRef = 6EA89B6B187F1CC00044B522 /* AppDelegate.m */; };
		6EA89B6F187F1CC00044B522 /* Main.storyboard in Resources */ = {isa = PBXBuildFile; fileRef = 6EA89B6D187F1CC00044B522 /* Main.storyboard */; };
		6EA89B72187F1CC00044B522 /* ViewController.m in Sources */ = {isa = PBXBuildFile; fileRef = 6EA89B71187F1CC00044B522 /* ViewController.m */; };
		6EA89B74187F1CC00044B522 /* Images.xcassets in Resources */ = {isa = PBXBuildFile; fileRef = 6EA89B73187F1CC00044B522 /* Images.xcassets */; };
		6EA89B7B187F1CC00044B522 /* XCTest.framework in Frameworks */ = {isa = PBXBuildFile; fileRef = 6EA89B7A187F1CC00044B522 /* XCTest.framework */; };
		6EA89B7C187F1CC00044B522 /* Foundation.framework in Frameworks */ = {isa = PBXBuildFile; fileRef = 6EA89B5B187F1CC00044B522 /* Foundation.framework */; };
		6EA89B7D187F1CC00044B522 /* UIKit.framework in Frameworks */ = {isa = PBXBuildFile; fileRef = 6EA89B5F187F1CC00044B522 /* UIKit.framework */; };
		6EA89B85187F1CC00044B522 /* InfoPlist.strings in Resources */ = {isa = PBXBuildFile; fileRef = 6EA89B83187F1CC00044B522 /* InfoPlist.strings */; };
		6EA89B87187F1CC00044B522 /* MDF_1Tests.m in Sources */ = {isa = PBXBuildFile; fileRef = 6EA89B86187F1CC00044B522 /* MDF_1Tests.m */; };
/* End PBXBuildFile section */

/* Begin PBXContainerItemProxy section */
		6EA89B7E187F1CC00044B522 /* PBXContainerItemProxy */ = {
			isa = PBXContainerItemProxy;
			containerPortal = 6EA89B50187F1CC00044B522 /* Project object */;
			proxyType = 1;
			remoteGlobalIDString = 6EA89B57187F1CC00044B522;
			remoteInfo = "MDF 1";
		};
/* End PBXContainerItemProxy section */

/* Begin PBXFileReference section */
		6EA89B58187F1CC00044B522 /* MDF 1.app */ = {isa = PBXFileReference; explicitFileType = wrapper.application; includeInIndex = 0; path = "MDF 1.app"; sourceTree = BUILT_PRODUCTS_DIR; };
		6EA89B5B187F1CC00044B522 /* Foundation.framework */ = {isa = PBXFileReference; lastKnownFileType = wrapper.framework; name = Foundation.framework; path = System/Library/Frameworks/Foundation.framework; sourceTree = SDKROOT; };
		6EA89B5D187F1CC00044B522 /* CoreGraphics.framework */ = {isa = PBXFileReference; lastKnownFileType = wrapper.framework; name = CoreGraphics.framework; path = System/Library/Frameworks/CoreGraphics.framework; sourceTree = SDKROOT; };
		6EA89B5F187F1CC00044B522 /* UIKit.framework */ = {isa = PBXFileReference; lastKnownFileType = wrapper.framework; name = UIKit.framework; path = System/Library/Frameworks/UIKit.framework; sourceTree = SDKROOT; };
		6EA89B63187F1CC00044B522 /* MDF 1-Info.plist */ = {isa = PBXFileReference; lastKnownFileType = text.plist.xml; path = "MDF 1-Info.plist"; sourceTree = "<group>"; };
		6EA89B65187F1CC00044B522 /* en */ = {isa = PBXFileReference; lastKnownFileType = text.plist.strings; name = en; path = en.lproj/InfoPlist.strings; sourceTree = "<group>"; };
		6EA89B67187F1CC00044B522 /* main.m */ = {isa = PBXFileReference; lastKnownFileType = sourcecode.c.objc; path = main.m; sourceTree = "<group>"; };
		6EA89B69187F1CC00044B522 /* MDF 1-Prefix.pch */ = {isa = PBXFileReference; lastKnownFileType = sourcecode.c.h; path = "MDF 1-Prefix.pch"; sourceTree = "<group>"; };
		6EA89B6A187F1CC00044B522 /* AppDelegate.h */ = {isa = PBXFileReference; lastKnownFileType = sourcecode.c.h; path = AppDelegate.h; sourceTree = "<group>"; };
		6EA89B6B187F1CC00044B522 /* AppDelegate.m */ = {isa = PBXFileReference; lastKnownFileType = sourcecode.c.objc; path = AppDelegate.m; sourceTree = "<group>"; };
		6EA89B6E187F1CC00044B522 /* Base */ = {isa = PBXFileReference; lastKnownFileType = file.storyboard; name = Base; path = Base.lproj/Main.storyboard; sourceTree = "<group>"; };
		6EA89B70187F1CC00044B522 /* ViewController.h */ = {isa = PBXFileReference; lastKnownFileType = sourcecode.c.h; path = ViewController.h; sourceTree = "<group>"; };
		6EA89B71187F1CC00044B522 /* ViewController.m */ = {isa = PBXFileReference; lastKnownFileType = sourcecode.c.objc; path = ViewController.m; sourceTree = "<group>"; };
		6EA89B73187F1CC00044B522 /* Images.xcassets */ = {isa = PBXFileReference; lastKnownFileType = folder.assetcatalog; path = Images.xcassets; sourceTree = "<group>"; };
		6EA89B79187F1CC00044B522 /* MDF 1Tests.xctest */ = {isa = PBXFileReference; explicitFileType = wrapper.cfbundle; includeInIndex = 0; path = "MDF 1Tests.xctest"; sourceTree = BUILT_PRODUCTS_DIR; };
		6EA89B7A187F1CC00044B522 /* XCTest.framework */ = {isa = PBXFileReference; lastKnownFileType = wrapper.framework; name = XCTest.framework; path = Library/Frameworks/XCTest.framework; sourceTree = DEVELOPER_DIR; };
		6EA89B82187F1CC00044B522 /* MDF 1Tests-Info.plist */ = {isa = PBXFileReference; lastKnownFileType = text.plist.xml; path = "MDF 1Tests-Info.plist"; sourceTree = "<group>"; };
		6EA89B84187F1CC00044B522 /* en */ = {isa = PBXFileReference; lastKnownFileType = text.plist.strings; name = en; path = en.lproj/InfoPlist.strings; sourceTree = "<group>"; };
		6EA89B86187F1CC00044B522 /* MDF_1Tests.m */ = {isa = PBXFileReference; lastKnownFileType = sourcecode.c.objc; path = MDF_1Tests.m; sourceTree = "<group>"; };
/* End PBXFileReference section */

/* Begin PBXFrameworksBuildPhase section */
		6EA89B55187F1CC00044B522 /* Frameworks */ = {
			isa = PBXFrameworksBuildPhase;
			buildActionMask = 2147483647;
			files = (
				6EA89B5E187F1CC00044B522 /* CoreGraphics.framework in Frameworks */,
				6EA89B60187F1CC00044B522 /* UIKit.framework in Frameworks */,
				6EA89B5C187F1CC00044B522 /* Foundation.framework in Frameworks */,
			);
			runOnlyForDeploymentPostprocessing = 0;
		};
		6EA89B76187F1CC00044B522 /* Frameworks */ = {
			isa = PBXFrameworksBuildPhase;
			buildActionMask = 2147483647;
			files = (
				6EA89B7B187F1CC00044B522 /* XCTest.framework in Frameworks */,
				6EA89B7D187F1CC00044B522 /* UIKit.framework in Frameworks */,
				6EA89B7C187F1CC00044B522 /* Foundation.framework in Frameworks */,
			);
			runOnlyForDeploymentPostprocessing = 0;
		};
/* End PBXFrameworksBuildPhase section */

/* Begin PBXGroup section */
		6EA89B4F187F1CC00044B522 = {
			isa = PBXGroup;
			children = (
				6EA89B61187F1CC00044B522 /* MDF 1 */,
				6EA89B80187F1CC00044B522 /* MDF 1Tests */,
				6EA89B5A187F1CC00044B522 /* Frameworks */,
				6EA89B59187F1CC00044B522 /* Products */,
			);
			sourceTree = "<group>";
		};
		6EA89B59187F1CC00044B522 /* Products */ = {
			isa = PBXGroup;
			children = (
				6EA89B58187F1CC00044B522 /* MDF 1.app */,
				6EA89B79187F1CC00044B522 /* MDF 1Tests.xctest */,
			);
			name = Products;
			sourceTree = "<group>";
		};
		6EA89B5A187F1CC00044B522 /* Frameworks */ = {
			isa = PBXGroup;
			children = (
				6EA89B5B187F1CC00044B522 /* Foundation.framework */,
				6EA89B5D187F1CC00044B522 /* CoreGraphics.framework */,
				6EA89B5F187F1CC00044B522 /* UIKit.framework */,
				6EA89B7A187F1CC00044B522 /* XCTest.framework */,
			);
			name = Frameworks;
			sourceTree = "<group>";
		};
		6EA89B61187F1CC00044B522 /* MDF 1 */ = {
			isa = PBXGroup;
			children = (
				6EA89B6A187F1CC00044B522 /* AppDelegate.h */,
				6EA89B6B187F1CC00044B522 /* AppDelegate.m */,
				6EA89B6D187F1CC00044B522 /* Main.storyboard */,
				6EA89B70187F1CC00044B522 /* ViewController.h */,
				6EA89B71187F1CC00044B522 /* ViewController.m */,
				6EA89B73187F1CC00044B522 /* Images.xcassets */,
				6EA89B62187F1CC00044B522 /* Supporting Files */,
			);
			path = "MDF 1";
			sourceTree = "<group>";
		};
		6EA89B62187F1CC00044B522 /* Supporting Files */ = {
			isa = PBXGroup;
			children = (
				6EA89B63187F1CC00044B522 /* MDF 1-Info.plist */,
				6EA89B64187F1CC00044B522 /* InfoPlist.strings */,
				6EA89B67187F1CC00044B522 /* main.m */,
				6EA89B69187F1CC00044B522 /* MDF 1-Prefix.pch */,
			);
			name = "Supporting Files";
			sourceTree = "<group>";
		};
		6EA89B80187F1CC00044B522 /* MDF 1Tests */ = {
			isa = PBXGroup;
			children = (
				6EA89B86187F1CC00044B522 /* MDF_1Tests.m */,
				6EA89B81187F1CC00044B522 /* Supporting Files */,
			);
			path = "MDF 1Tests";
			sourceTree = "<group>";
		};
		6EA89B81187F1CC00044B522 /* Supporting Files */ = {
			isa = PBXGroup;
			children = (
				6EA89B82187F1CC00044B522 /* MDF 1Tests-Info.plist */,
				6EA89B83187F1CC00044B522 /* InfoPlist.strings */,
			);
			name = "Supporting Files";
			sourceTree = "<group>";
		};
/* End PBXGroup section */

/* Begin PBXNativeTarget section */
		6EA89B57187F1CC00044B522 /* MDF 1 */ = {
			isa = PBXNativeTarget;
			buildConfigurationList = 6EA89B8A187F1CC00044B522 /* Build configuration list for PBXNativeTarget "MDF 1" */;
			buildPhases = (
				6EA89B54187F1CC00044B522 /* Sources */,
				6EA89B55187F1CC00044B522 /* Frameworks */,
				6EA89B56187F1CC00044B522 /* Resources */,
			);
			buildRules = (
			);
			dependencies = (
			);
			name = "MDF 1";
			productName = "MDF 1";
			productReference = 6EA89B58187F1CC00044B522 /* MDF 1.app */;
			productType = "com.apple.product-type.application";
		};
		6EA89B78187F1CC00044B522 /* MDF 1Tests */ = {
			isa = PBXNativeTarget;
			buildConfigurationList = 6EA89B8D187F1CC00044B522 /* Build configuration list for PBXNativeTarget "MDF 1Tests" */;
			buildPhases = (
				6EA89B75187F1CC00044B522 /* Sources */,
				6EA89B76187F1CC00044B522 /* Frameworks */,
				6EA89B77187F1CC00044B522 /* Resources */,
			);
			buildRules = (
			);
			dependencies = (
				6EA89B7F187F1CC00044B522 /* PBXTargetDependency */,
			);
			name = "MDF 1Tests";
			productName = "MDF 1Tests";
			productReference = 6EA89B79187F1CC00044B522 /* MDF 1Tests.xctest */;
			productType = "com.apple.product-type.bundle.unit-test";
		};
/* End PBXNativeTarget section */

/* Begin PBXProject section */
		6EA89B50187F1CC00044B522 /* Project object */ = {
			isa = PBXProject;
			attributes = {
				LastUpgradeCheck = 0500;
				ORGANIZATIONNAME = "Michele Laramore";
				TargetAttributes = {
					6EA89B78187F1CC00044B522 = {
						TestTargetID = 6EA89B57187F1CC00044B522;
					};
				};
			};
			buildConfigurationList = 6EA89B53187F1CC00044B522 /* Build configuration list for PBXProject "MDF 1" */;
			compatibilityVersion = "Xcode 3.2";
			developmentRegion = English;
			hasScannedForEncodings = 0;
			knownRegions = (
				en,
				Base,
			);
			mainGroup = 6EA89B4F187F1CC00044B522;
			productRefGroup = 6EA89B59187F1CC00044B522 /* Products */;
			projectDirPath = "";
			projectRoot = "";
			targets = (
				6EA89B57187F1CC00044B522 /* MDF 1 */,
				6EA89B78187F1CC00044B522 /* MDF 1Tests */,
			);
		};
/* End PBXProject section */

/* Begin PBXResourcesBuildPhase section */
		6EA89B56187F1CC00044B522 /* Resources */ = {
			isa = PBXResourcesBuildPhase;
			buildActionMask = 2147483647;
			files = (
				6EA89B74187F1CC00044B522 /* Images.xcassets in Resources */,
				6EA89B66187F1CC00044B522 /* InfoPlist.strings in Resources */,
				6EA89B6F187F1CC00044B522 /* Main.storyboard in Resources */,
			);
			runOnlyForDeploymentPostprocessing = 0;
		};
		6EA89B77187F1CC00044B522 /* Resources */ = {
			isa = PBXResourcesBuildPhase;
			buildActionMask = 2147483647;
			files = (
				6EA89B85187F1CC00044B522 /* InfoPlist.strings in Resources */,
			);
			runOnlyForDeploymentPostprocessing = 0;
		};
/* End PBXResourcesBuildPhase section */

/* Begin PBXSourcesBuildPhase section */
		6EA89B54187F1CC00044B522 /* Sources */ = {
			isa = PBXSourcesBuildPhase;
			buildActionMask = 2147483647;
			files = (
				6EA89B72187F1CC00044B522 /* ViewController.m in Sources */,
				6EA89B6C187F1CC00044B522 /* AppDelegate.m in Sources */,
				6EA89B68187F1CC00044B522 /* main.m in Sources */,
			);
			runOnlyForDeploymentPostprocessing = 0;
		};
		6EA89B75187F1CC00044B522 /* Sources */ = {
			isa = PBXSourcesBuildPhase;
			buildActionMask = 2147483647;
			files = (
				6EA89B87187F1CC00044B522 /* MDF_1Tests.m in Sources */,
			);
			runOnlyForDeploymentPostprocessing = 0;
		};
/* End PBXSourcesBuildPhase section */

/* Begin PBXTargetDependency section */
		6EA89B7F187F1CC00044B522 /* PBXTargetDependency */ = {
			isa = PBXTargetDependency;
			target = 6EA89B57187F1CC00044B522 /* MDF 1 */;
			targetProxy = 6EA89B7E187F1CC00044B522 /* PBXContainerItemProxy */;
		};
/* End PBXTargetDependency section */

/* Begin PBXVariantGroup section */
		6EA89B64187F1CC00044B522 /* InfoPlist.strings */ = {
			isa = PBXVariantGroup;
			children = (
				6EA89B65187F1CC00044B522 /* en */,
			);
			name = InfoPlist.strings;
			sourceTree = "<group>";
		};
		6EA89B6D187F1CC00044B522 /* Main.storyboard */ = {
			isa = PBXVariantGroup;
			children = (
				6EA89B6E187F1CC00044B522 /* Base */,
			);
			name = Main.storyboard;
			sourceTree = "<group>";
		};
		6EA89B83187F1CC00044B522 /* InfoPlist.strings */ = {
			isa = PBXVariantGroup;
			children = (
				6EA89B84187F1CC00044B522 /* en */,
			);
			name = InfoPlist.strings;
			sourceTree = "<group>";
		};
/* End PBXVariantGroup section */

/* Begin XCBuildConfiguration section */
		6EA89B88187F1CC00044B522 /* Debug */ = {
			isa = XCBuildConfiguration;
			buildSettings = {
				ALWAYS_SEARCH_USER_PATHS = NO;
				ARCHS = "$(ARCHS_STANDARD_INCLUDING_64_BIT)";
				CLANG_CXX_LANGUAGE_STANDARD = "gnu++0x";
				CLANG_CXX_LIBRARY = "libc++";
				CLANG_ENABLE_MODULES = YES;
				CLANG_ENABLE_OBJC_ARC = YES;
				CLANG_WARN_BOOL_CONVERSION = YES;
				CLANG_WARN_CONSTANT_CONVERSION = YES;
				CLANG_WARN_DIRECT_OBJC_ISA_USAGE = YES_ERROR;
				CLANG_WARN_EMPTY_BODY = YES;
				CLANG_WARN_ENUM_CONVERSION = YES;
				CLANG_WARN_INT_CONVERSION = YES;
				CLANG_WARN_OBJC_ROOT_CLASS = YES_ERROR;
				CLANG_WARN__DUPLICATE_METHOD_MATCH = YES;
				"CODE_SIGN_IDENTITY[sdk=iphoneos*]" = "iPhone Developer";
				COPY_PHASE_STRIP = NO;
				GCC_C_LANGUAGE_STANDARD = gnu99;
				GCC_DYNAMIC_NO_PIC = NO;
				GCC_OPTIMIZATION_LEVEL = 0;
				GCC_PREPROCESSOR_DEFINITIONS = (
					"DEBUG=1",
					"$(inherited)",
				);
				GCC_SYMBOLS_PRIVATE_EXTERN = NO;
				GCC_WARN_64_TO_32_BIT_CONVERSION = YES;
				GCC_WARN_ABOUT_RETURN_TYPE = YES_ERROR;
				GCC_WARN_UNDECLARED_SELECTOR = YES;
				GCC_WARN_UNINITIALIZED_AUTOS = YES;
				GCC_WARN_UNUSED_FUNCTION = YES;
				GCC_WARN_UNUSED_VARIABLE = YES;
				IPHONEOS_DEPLOYMENT_TARGET = 7.0;
				ONLY_ACTIVE_ARCH = YES;
				SDKROOT = iphoneos;
				TARGETED_DEVICE_FAMILY = 2;
			};
			name = Debug;
		};
		6EA89B89187F1CC00044B522 /* Release */ = {
			isa = XCBuildConfiguration;
			buildSettings = {
				ALWAYS_SEARCH_USER_PATHS = NO;
				ARCHS = "$(ARCHS_STANDARD_INCLUDING_64_BIT)";
				CLANG_CXX_LANGUAGE_STANDARD = "gnu++0x";
				CLANG_CXX_LIBRARY = "libc++";
				CLANG_ENABLE_MODULES = YES;
				CLANG_ENABLE_OBJC_ARC = YES;
				CLANG_WARN_BOOL_CONVERSION = YES;
				CLANG_WARN_CONSTANT_CONVERSION = YES;
				CLANG_WARN_DIRECT_OBJC_ISA_USAGE = YES_ERROR;
				CLANG_WARN_EMPTY_BODY = YES;
				CLANG_WARN_ENUM_CONVERSION = YES;
				CLANG_WARN_INT_CONVERSION = YES;
				CLANG_WARN_OBJC_ROOT_CLASS = YES_ERROR;
				CLANG_WARN__DUPLICATE_METHOD_MATCH = YES;
				"CODE_SIGN_IDENTITY[sdk=iphoneos*]" = "iPhone Developer";
				COPY_PHASE_STRIP = YES;
				ENABLE_NS_ASSERTIONS = NO;
				GCC_C_LANGUAGE_STANDARD = gnu99;
				GCC_WARN_64_TO_32_BIT_CONVERSION = YES;
				GCC_WARN_ABOUT_RETURN_TYPE = YES_ERROR;
				GCC_WARN_UNDECLARED_SELECTOR = YES;
				GCC_WARN_UNINITIALIZED_AUTOS = YES;
				GCC_WARN_UNUSED_FUNCTION = YES;
				GCC_WARN_UNUSED_VARIABLE = YES;
				IPHONEOS_DEPLOYMENT_TARGET = 7.0;
				SDKROOT = iphoneos;
				TARGETED_DEVICE_FAMILY = 2;
				VALIDATE_PRODUCT = YES;
			};
			name = Release;
		};
		6EA89B8B187F1CC00044B522 /* Debug */ = {
			isa = XCBuildConfiguration;
			buildSettings = {
				ASSETCATALOG_COMPILER_APPICON_NAME = AppIcon;
				ASSETCATALOG_COMPILER_LAUNCHIMAGE_NAME = LaunchImage;
				GCC_PRECOMPILE_PREFIX_HEADER = YES;
				GCC_PREFIX_HEADER = "MDF 1/MDF 1-Prefix.pch";
				INFOPLIST_FILE = "MDF 1/MDF 1-Info.plist";
				PRODUCT_NAME = "$(TARGET_NAME)";
				WRAPPER_EXTENSION = app;
			};
			name = Debug;
		};
		6EA89B8C187F1CC00044B522 /* Release */ = {
			isa = XCBuildConfiguration;
			buildSettings = {
				ASSETCATALOG_COMPILER_APPICON_NAME = AppIcon;
				ASSETCATALOG_COMPILER_LAUNCHIMAGE_NAME = LaunchImage;
				GCC_PRECOMPILE_PREFIX_HEADER = YES;
				GCC_PREFIX_HEADER = "MDF 1/MDF 1-Prefix.pch";
				INFOPLIST_FILE = "MDF 1/MDF 1-Info.plist";
				PRODUCT_NAME = "$(TARGET_NAME)";
				WRAPPER_EXTENSION = app;
			};
			name = Release;
		};
		6EA89B8E187F1CC00044B522 /* Debug */ = {
			isa = XCBuildConfiguration;
			buildSettings = {
				ARCHS = "$(ARCHS_STANDARD_INCLUDING_64_BIT)";
				BUNDLE_LOADER = "$(BUILT_PRODUCTS_DIR)/MDF 1.app/MDF 1";
				FRAMEWORK_SEARCH_PATHS = (
					"$(SDKROOT)/Developer/Library/Frameworks",
					"$(inherited)",
					"$(DEVELOPER_FRAMEWORKS_DIR)",
				);
				GCC_PRECOMPILE_PREFIX_HEADER = YES;
				GCC_PREFIX_HEADER = "MDF 1/MDF 1-Prefix.pch";
				GCC_PREPROCESSOR_DEFINITIONS = (
					"DEBUG=1",
					"$(inherited)",
				);
				INFOPLIST_FILE = "MDF 1Tests/MDF 1Tests-Info.plist";
				PRODUCT_NAME = "$(TARGET_NAME)";
				TEST_HOST = "$(BUNDLE_LOADER)";
				WRAPPER_EXTENSION = xctest;
			};
			name = Debug;
		};
		6EA89B8F187F1CC00044B522 /* Release */ = {
			isa = XCBuildConfiguration;
			buildSettings = {
				ARCHS = "$(ARCHS_STANDARD_INCLUDING_64_BIT)";
				BUNDLE_LOADER = "$(BUILT_PRODUCTS_DIR)/MDF 1.app/MDF 1";
				FRAMEWORK_SEARCH_PATHS = (
					"$(SDKROOT)/Developer/Library/Frameworks",
					"$(inherited)",
					"$(DEVELOPER_FRAMEWORKS_DIR)",
				);
				GCC_PRECOMPILE_PREFIX_HEADER = YES;
				GCC_PREFIX_HEADER = "MDF 1/MDF 1-Prefix.pch";
				INFOPLIST_FILE = "MDF 1Tests/MDF 1Tests-Info.plist";
				PRODUCT_NAME = "$(TARGET_NAME)";
				TEST_HOST = "$(BUNDLE_LOADER)";
				WRAPPER_EXTENSION = xctest;
			};
			name = Release;
		};
/* End XCBuildConfiguration section */

/* Begin XCConfigurationList section */
		6EA89B53187F1CC00044B522 /* Build configuration list for PBXProject "MDF 1" */ = {
			isa = XCConfigurationList;
			buildConfigurations = (
				6EA89B88187F1CC00044B522 /* Debug */,
				6EA89B89187F1CC00044B522 /* Release */,
			);
			defaultConfigurationIsVisible = 0;
			defaultConfigurationName = Release;
		};
		6EA89B8A187F1CC00044B522 /* Build configuration list for PBXNativeTarget "MDF 1" */ = {
			isa = XCConfigurationList;
			buildConfigurations = (
				6EA89B8B187F1CC00044B522 /* Debug */,
				6EA89B8C187F1CC00044B522 /* Release */,
			);
			defaultConfigurationIsVisible = 0;
		};
		6EA89B8D187F1CC00044B522 /* Build configuration list for PBXNativeTarget "MDF 1Tests" */ = {
			isa = XCConfigurationList;
			buildConfigurations = (
				6EA89B8E187F1CC00044B522 /* Debug */,
				6EA89B8F187F1CC00044B522 /* Release */,
			);
			defaultConfigurationIsVisible = 0;
		};
/* End XCConfigurationList section */
	};
	rootObject = 6EA89B50187F1CC00044B522 /* Project object */;
}
